
Microsoft Visual Studio Solution File, Format Version 12.00
# Visual Studio Version 16
VisualStudioVersion = 16.0.28917.181
MinimumVisualStudioVersion = 10.0.40219.1
Project("{FAE04EC0-301F-11D3-BF4B-00C04F79EFBC}") = "SnowPakTool", "SnowPakTool\SnowPakTool.csproj", "{491AAEB0-613A-4A27-BFCD-69C2480D13C7}"
EndProject
Project("{E24C65DC-7377-472B-9ABA-BC803B73C61A}") = "__Global", "__Global\", "{2C1DE8F3-F44E-4897-8D8F-13703D37AA08}"
	ProjectSection(WebsiteProperties) = preProject
		TargetFrameworkMoniker = ".NETFramework,Version%3Dv4.0"
		Debug.AspNetCompiler.VirtualPath = "/localhost_12138"
		Debug.AspNetCompiler.PhysicalPath = "__Global\"
		Debug.AspNetCompiler.TargetPath = "PrecompiledWeb\localhost_12138\"
		Debug.AspNetCompiler.Updateable = "true"
		Debug.AspNetCompiler.ForceOverwrite = "true"
		Debug.AspNetCompiler.FixedNames = "false"
		Debug.AspNetCompiler.Debug = "True"
		Release.AspNetCompiler.VirtualPath = "/localhost_12138"
		Release.AspNetCompiler.PhysicalPath = "__Global\"
		Release.AspNetCompiler.TargetPath = "PrecompiledWeb\localhost_12138\"
		Release.AspNetCompiler.Updateable = "true"
		Release.AspNetCompiler.ForceOverwrite = "true"
		Release.AspNetCompiler.FixedNames = "false"
		Release.AspNetCompiler.Debug = "False"
		VWDPort = "12138"
		SlnRelativePath = "__Global\"
	EndProjectSection
EndProject
Project("{FAE04EC0-301F-11D3-BF4B-00C04F79EFBC}") = "SnowTruckConfig", "SnowTruckConfig\SnowTruckConfig.csproj", "{53841067-66D5-48A0-93C9-4C193D78EEA7}"
EndProject
Project("{2150E333-8FDC-42A3-9474-1A3956D46DE8}") = "Solution Items", "Solution Items", "{FAB46086-E4C7-4994-A907-7EB24F745A9B}"
	ProjectSection(SolutionItems) = preProject
		.editorconfig = .editorconfig
	EndProjectSection
EndProject
Global
	GlobalSection(SolutionConfigurationPlatforms) = preSolution
		Debug|Any CPU = Debug|Any CPU
		Release|Any CPU = Release|Any CPU
	EndGlobalSection
	GlobalSection(ProjectConfigurationPlatforms) = postSolution
		{491AAEB0-613A-4A27-BFCD-69C2480D13C7}.Debug|Any CPU.ActiveCfg = Debug|Any CPU
		{491AAEB0-613A-4A27-BFCD-69C2480D13C7}.Debug|Any CPU.Build.0 = Debug|Any CPU
		{491AAEB0-613A-4A27-BFCD-69C2480D13C7}.Release|Any CPU.ActiveCfg = Release|Any CPU
		{491AAEB0-613A-4A27-BFCD-69C2480D13C7}.Release|Any CPU.Build.0 = Release|Any CPU
		{2C1DE8F3-F44E-4897-8D8F-13703D37AA08}.Debug|Any CPU.ActiveCfg = Debug|Any CPU
		{2C1DE8F3-F44E-4897-8D8F-13703D37AA08}.Debug|Any CPU.Build.0 = Debug|Any CPU
		{2C1DE8F3-F44E-4897-8D8F-13703D37AA08}.Release|Any CPU.ActiveCfg = Debug|Any CPU
		{53841067-66D5-48A0-93C9-4C193D78EEA7}.Debug|Any CPU.ActiveCfg = Debug|Any CPU
		{53841067-66D5-48A0-93C9-4C193D78EEA7}.Debug|Any CPU.Build.0 = Debug|Any CPU
		{53841067-66D5-48A0-93C9-4C193D78EEA7}.Release|Any CPU.ActiveCfg = Release|Any CPU
		{53841067-66D5-48A0-93C9-4C193D78EEA7}.Release|Any CPU.Build.0 = Release|Any CPU
	EndGlobalSection
	GlobalSection(SolutionProperties) = preSolution
		HideSolutionNode = FALSE
	EndGlobalSection
	GlobalSection(ExtensibilityGlobals) = postSolution
		SolutionGuid = {D509375E-A3B9-458F-B814-A6015E8ED5A9}
	EndGlobalSection
EndGlobal
